
Microsoft Visual Studio Solution File, Format Version 12.00
# Visual Studio Version 17
VisualStudioVersion = 17.4.33205.214
MinimumVisualStudioVersion = 10.0.40219.1
Project("{FAE04EC0-301F-11D3-BF4B-00C04F79EFBC}") = "Casino", "Casino\Casino.csproj", "{4762BF7F-5491-45F3-BE34-37E117ED83F7}"
EndProject
Global
	GlobalSection(SolutionConfigurationPlatforms) = preSolution
		Debug|Any CPU = Debug|Any CPU
		Release|Any CPU = Release|Any CPU
	EndGlobalSection
	GlobalSection(ProjectConfigurationPlatforms) = postSolution
		{4762BF7F-5491-45F3-BE34-37E117ED83F7}.Debug|Any CPU.ActiveCfg = Debug|Any CPU
		{4762BF7F-5491-45F3-BE34-37E117ED83F7}.Debug|Any CPU.Build.0 = Debug|Any CPU
		{4762BF7F-5491-45F3-BE34-37E117ED83F7}.Release|Any CPU.ActiveCfg = Release|Any CPU
		{4762BF7F-5491-45F3-BE34-37E117ED83F7}.Release|Any CPU.Build.0 = Release|Any CPU
	EndGlobalSection
	GlobalSection(SolutionProperties) = preSolution
		HideSolutionNode = FALSE
	EndGlobalSection
	GlobalSection(ExtensibilityGlobals) = postSolution
		SolutionGuid = {FF32FE3B-8CB8-4EAF-B355-18E3D67336AD}
	EndGlobalSection
EndGlobal
